
Microsoft Visual Studio Solution File, Format Version 12.00
# Visual Studio 15
VisualStudioVersion = 15.0.28307.421
MinimumVisualStudioVersion = 10.0.40219.1
Project("{FAE04EC0-301F-11D3-BF4B-00C04F79EFBC}") = "ShopAroundMobile.Android", "ShopAroundMobile\ShopAroundMobile.Android\ShopAroundMobile.Android.csproj", "{B17077DC-CE4A-4311-B116-807CA7562946}"
EndProject
Project("{FAE04EC0-301F-11D3-BF4B-00C04F79EFBC}") = "ShopAroundMobile.iOS", "ShopAroundMobile\ShopAroundMobile.iOS\ShopAroundMobile.iOS.csproj", "{6A468DF2-2F42-4ED2-9CCE-D37EF499144F}"
EndProject
Project("{FAE04EC0-301F-11D3-BF4B-00C04F79EFBC}") = "ShopAroundMobile", "ShopAroundMobile\ShopAroundMobile\ShopAroundMobile.csproj", "{90C83F6D-CC79-4B25-8204-09D552ECCC1F}"
EndProject
Global
	GlobalSection(SolutionConfigurationPlatforms) = preSolution
		Ad-Hoc|Any CPU = Ad-Hoc|Any CPU
		Ad-Hoc|iPhone = Ad-Hoc|iPhone
		Ad-Hoc|iPhoneSimulator = Ad-Hoc|iPhoneSimulator
		AppStore|Any CPU = AppStore|Any CPU
		AppStore|iPhone = AppStore|iPhone
		AppStore|iPhoneSimulator = AppStore|iPhoneSimulator
		Debug|Any CPU = Debug|Any CPU
		Debug|iPhone = Debug|iPhone
		Debug|iPhoneSimulator = Debug|iPhoneSimulator
		Release|Any CPU = Release|Any CPU
		Release|iPhone = Release|iPhone
		Release|iPhoneSimulator = Release|iPhoneSimulator
	EndGlobalSection
	GlobalSection(ProjectConfigurationPlatforms) = postSolution
		{B17077DC-CE4A-4311-B116-807CA7562946}.Ad-Hoc|Any CPU.ActiveCfg = Release|Any CPU
		{B17077DC-CE4A-4311-B116-807CA7562946}.Ad-Hoc|Any CPU.Build.0 = Release|Any CPU
		{B17077DC-CE4A-4311-B116-807CA7562946}.Ad-Hoc|Any CPU.Deploy.0 = Release|Any CPU
		{B17077DC-CE4A-4311-B116-807CA7562946}.Ad-Hoc|iPhone.ActiveCfg = Release|Any CPU
		{B17077DC-CE4A-4311-B116-807CA7562946}.Ad-Hoc|iPhone.Build.0 = Release|Any CPU
		{B17077DC-CE4A-4311-B116-807CA7562946}.Ad-Hoc|iPhone.Deploy.0 = Release|Any CPU
		{B17077DC-CE4A-4311-B116-807CA7562946}.Ad-Hoc|iPhoneSimulator.ActiveCfg = Release|Any CPU
		{B17077DC-CE4A-4311-B116-807CA7562946}.Ad-Hoc|iPhoneSimulator.Build.0 = Release|Any CPU
		{B17077DC-CE4A-4311-B116-807CA7562946}.Ad-Hoc|iPhoneSimulator.Deploy.0 = Release|Any CPU
		{B17077DC-CE4A-4311-B116-807CA7562946}.AppStore|Any CPU.ActiveCfg = Release|Any CPU
		{B17077DC-CE4A-4311-B116-807CA7562946}.AppStore|Any CPU.Build.0 = Release|Any CPU
		{B17077DC-CE4A-4311-B116-807CA7562946}.AppStore|Any CPU.Deploy.0 = Release|Any CPU
		{B17077DC-CE4A-4311-B116-807CA7562946}.AppStore|iPhone.ActiveCfg = Release|Any CPU
		{B17077DC-CE4A-4311-B116-807CA7562946}.AppStore|iPhone.Build.0 = Release|Any CPU
		{B17077DC-CE4A-4311-B116-807CA7562946}.AppStore|iPhone.Deploy.0 = Release|Any CPU
		{B17077DC-CE4A-4311-B116-807CA7562946}.AppStore|iPhoneSimulator.ActiveCfg = Release|Any CPU
		{B17077DC-CE4A-4311-B116-807CA7562946}.AppStore|iPhoneSimulator.Build.0 = Release|Any CPU
		{B17077DC-CE4A-4311-B116-807CA7562946}.AppStore|iPhoneSimulator.Deploy.0 = Release|Any CPU
		{B17077DC-CE4A-4311-B116-807CA7562946}.Debug|Any CPU.ActiveCfg = Debug|Any CPU
		{B17077DC-CE4A-4311-B116-807CA7562946}.Debug|Any CPU.Build.0 = Debug|Any CPU
		{B17077DC-CE4A-4311-B116-807CA7562946}.Debug|Any CPU.Deploy.0 = Debug|Any CPU
		{B17077DC-CE4A-4311-B116-807CA7562946}.Debug|iPhone.ActiveCfg = Debug|Any CPU
		{B17077DC-CE4A-4311-B116-807CA7562946}.Debug|iPhone.Build.0 = Debug|Any CPU
		{B17077DC-CE4A-4311-B116-807CA7562946}.Debug|iPhone.Deploy.0 = Debug|Any CPU
		{B17077DC-CE4A-4311-B116-807CA7562946}.Debug|iPhoneSimulator.ActiveCfg = Debug|Any CPU
		{B17077DC-CE4A-4311-B116-807CA7562946}.Debug|iPhoneSimulator.Build.0 = Debug|Any CPU
		{B17077DC-CE4A-4311-B116-807CA7562946}.Debug|iPhoneSimulator.Deploy.0 = Debug|Any CPU
		{B17077DC-CE4A-4311-B116-807CA7562946}.Release|Any CPU.ActiveCfg = Release|Any CPU
		{B17077DC-CE4A-4311-B116-807CA7562946}.Release|Any CPU.Build.0 = Release|Any CPU
		{B17077DC-CE4A-4311-B116-807CA7562946}.Release|Any CPU.Deploy.0 = Release|Any CPU
		{B17077DC-CE4A-4311-B116-807CA7562946}.Release|iPhone.ActiveCfg = Release|Any CPU
		{B17077DC-CE4A-4311-B116-807CA7562946}.Release|iPhone.Build.0 = Release|Any CPU
		{B17077DC-CE4A-4311-B116-807CA7562946}.Release|iPhone.Deploy.0 = Release|Any CPU
		{B17077DC-CE4A-4311-B116-807CA7562946}.Release|iPhoneSimulator.ActiveCfg = Release|Any CPU
		{B17077DC-CE4A-4311-B116-807CA7562946}.Release|iPhoneSimulator.Build.0 = Release|Any CPU
		{B17077DC-CE4A-4311-B116-807CA7562946}.Release|iPhoneSimulator.Deploy.0 = Release|Any CPU
		{6A468DF2-2F42-4ED2-9CCE-D37EF499144F}.Ad-Hoc|Any CPU.ActiveCfg = Ad-Hoc|iPhone
		{6A468DF2-2F42-4ED2-9CCE-D37EF499144F}.Ad-Hoc|Any CPU.Build.0 = Ad-Hoc|iPhone
		{6A468DF2-2F42-4ED2-9CCE-D37EF499144F}.Ad-Hoc|Any CPU.Deploy.0 = Ad-Hoc|iPhone
		{6A468DF2-2F42-4ED2-9CCE-D37EF499144F}.Ad-Hoc|iPhone.ActiveCfg = Ad-Hoc|iPhone
		{6A468DF2-2F42-4ED2-9CCE-D37EF499144F}.Ad-Hoc|iPhone.Build.0 = Ad-Hoc|iPhone
		{6A468DF2-2F42-4ED2-9CCE-D37EF499144F}.Ad-Hoc|iPhone.Deploy.0 = Ad-Hoc|iPhone
		{6A468DF2-2F42-4ED2-9CCE-D37EF499144F}.Ad-Hoc|iPhoneSimulator.ActiveCfg = Ad-Hoc|iPhoneSimulator
		{6A468DF2-2F42-4ED2-9CCE-D37EF499144F}.Ad-Hoc|iPhoneSimulator.Build.0 = Ad-Hoc|iPhoneSimulator
		{6A468DF2-2F42-4ED2-9CCE-D37EF499144F}.Ad-Hoc|iPhoneSimulator.Deploy.0 = Ad-Hoc|iPhoneSimulator
		{6A468DF2-2F42-4ED2-9CCE-D37EF499144F}.AppStore|Any CPU.ActiveCfg = AppStore|iPhone
		{6A468DF2-2F42-4ED2-9CCE-D37EF499144F}.AppStore|Any CPU.Build.0 = AppStore|iPhone
		{6A468DF2-2F42-4ED2-9CCE-D37EF499144F}.AppStore|Any CPU.Deploy.0 = AppStore|iPhone
		{6A468DF2-2F42-4ED2-9CCE-D37EF499144F}.AppStore|iPhone.ActiveCfg = AppStore|iPhone
		{6A468DF2-2F42-4ED2-9CCE-D37EF499144F}.AppStore|iPhone.Build.0 = AppStore|iPhone
		{6A468DF2-2F42-4ED2-9CCE-D37EF499144F}.AppStore|iPhone.Deploy.0 = AppStore|iPhone
		{6A468DF2-2F42-4ED2-9CCE-D37EF499144F}.AppStore|iPhoneSimulator.ActiveCfg = AppStore|iPhoneSimulator
		{6A468DF2-2F42-4ED2-9CCE-D37EF499144F}.AppStore|iPhoneSimulator.Build.0 = AppStore|iPhoneSimulator
		{6A468DF2-2F42-4ED2-9CCE-D37EF499144F}.AppStore|iPhoneSimulator.Deploy.0 = AppStore|iPhoneSimulator
		{6A468DF2-2F42-4ED2-9CCE-D37EF499144F}.Debug|Any CPU.ActiveCfg = Debug|iPhoneSimulator
		{6A468DF2-2F42-4ED2-9CCE-D37EF499144F}.Debug|Any CPU.Build.0 = Debug|iPhoneSimulator
		{6A468DF2-2F42-4ED2-9CCE-D37EF499144F}.Debug|Any CPU.Deploy.0 = Debug|iPhoneSimulator
		{6A468DF2-2F42-4ED2-9CCE-D37EF499144F}.Debug|iPhone.ActiveCfg = Debug|iPhone
		{6A468DF2-2F42-4ED2-9CCE-D37EF499144F}.Debug|iPhone.Build.0 = Debug|iPhone
		{6A468DF2-2F42-4ED2-9CCE-D37EF499144F}.Debug|iPhone.Deploy.0 = Debug|iPhone
		{6A468DF2-2F42-4ED2-9CCE-D37EF499144F}.Debug|iPhoneSimulator.ActiveCfg = Debug|iPhoneSimulator
		{6A468DF2-2F42-4ED2-9CCE-D37EF499144F}.Debug|iPhoneSimulator.Build.0 = Debug|iPhoneSimulator
		{6A468DF2-2F42-4ED2-9CCE-D37EF499144F}.Debug|iPhoneSimulator.Deploy.0 = Debug|iPhoneSimulator
		{6A468DF2-2F42-4ED2-9CCE-D37EF499144F}.Release|Any CPU.ActiveCfg = Release|iPhone
		{6A468DF2-2F42-4ED2-9CCE-D37EF499144F}.Release|Any CPU.Build.0 = Release|iPhone
		{6A468DF2-2F42-4ED2-9CCE-D37EF499144F}.Release|Any CPU.Deploy.0 = Release|iPhone
		{6A468DF2-2F42-4ED2-9CCE-D37EF499144F}.Release|iPhone.ActiveCfg = Release|iPhone
		{6A468DF2-2F42-4ED2-9CCE-D37EF499144F}.Release|iPhone.Build.0 = Release|iPhone
		{6A468DF2-2F42-4ED2-9CCE-D37EF499144F}.Release|iPhone.Deploy.0 = Release|iPhone
		{6A468DF2-2F42-4ED2-9CCE-D37EF499144F}.Release|iPhoneSimulator.ActiveCfg = Release|iPhoneSimulator
		{6A468DF2-2F42-4ED2-9CCE-D37EF499144F}.Release|iPhoneSimulator.Build.0 = Release|iPhoneSimulator
		{6A468DF2-2F42-4ED2-9CCE-D37EF499144F}.Release|iPhoneSimulator.Deploy.0 = Release|iPhoneSimulator
		{90C83F6D-CC79-4B25-8204-09D552ECCC1F}.Ad-Hoc|Any CPU.ActiveCfg = Debug|Any CPU
		{90C83F6D-CC79-4B25-8204-09D552ECCC1F}.Ad-Hoc|Any CPU.Build.0 = Debug|Any CPU
		{90C83F6D-CC79-4B25-8204-09D552ECCC1F}.Ad-Hoc|Any CPU.Deploy.0 = Debug|Any CPU
		{90C83F6D-CC79-4B25-8204-09D552ECCC1F}.Ad-Hoc|iPhone.ActiveCfg = Debug|Any CPU
		{90C83F6D-CC79-4B25-8204-09D552ECCC1F}.Ad-Hoc|iPhone.Build.0 = Debug|Any CPU
		{90C83F6D-CC79-4B25-8204-09D552ECCC1F}.Ad-Hoc|iPhone.Deploy.0 = Debug|Any CPU
		{90C83F6D-CC79-4B25-8204-09D552ECCC1F}.Ad-Hoc|iPhoneSimulator.ActiveCfg = Debug|Any CPU
		{90C83F6D-CC79-4B25-8204-09D552ECCC1F}.Ad-Hoc|iPhoneSimulator.Build.0 = Debug|Any CPU
		{90C83F6D-CC79-4B25-8204-09D552ECCC1F}.Ad-Hoc|iPhoneSimulator.Deploy.0 = Debug|Any CPU
		{90C83F6D-CC79-4B25-8204-09D552ECCC1F}.AppStore|Any CPU.ActiveCfg = Debug|Any CPU
		{90C83F6D-CC79-4B25-8204-09D552ECCC1F}.AppStore|Any CPU.Build.0 = Debug|Any CPU
		{90C83F6D-CC79-4B25-8204-09D552ECCC1F}.AppStore|Any CPU.Deploy.0 = Debug|Any CPU
		{90C83F6D-CC79-4B25-8204-09D552ECCC1F}.AppStore|iPhone.ActiveCfg = Debug|Any CPU
		{90C83F6D-CC79-4B25-8204-09D552ECCC1F}.AppStore|iPhone.Build.0 = Debug|Any CPU
		{90C83F6D-CC79-4B25-8204-09D552ECCC1F}.AppStore|iPhone.Deploy.0 = Debug|Any CPU
		{90C83F6D-CC79-4B25-8204-09D552ECCC1F}.AppStore|iPhoneSimulator.ActiveCfg = Debug|Any CPU
		{90C83F6D-CC79-4B25-8204-09D552ECCC1F}.AppStore|iPhoneSimulator.Build.0 = Debug|Any CPU
		{90C83F6D-CC79-4B25-8204-09D552ECCC1F}.AppStore|iPhoneSimulator.Deploy.0 = Debug|Any CPU
		{90C83F6D-CC79-4B25-8204-09D552ECCC1F}.Debug|Any CPU.ActiveCfg = Debug|Any CPU
		{90C83F6D-CC79-4B25-8204-09D552ECCC1F}.Debug|Any CPU.Build.0 = Debug|Any CPU
		{90C83F6D-CC79-4B25-8204-09D552ECCC1F}.Debug|Any CPU.Deploy.0 = Debug|Any CPU
		{90C83F6D-CC79-4B25-8204-09D552ECCC1F}.Debug|iPhone.ActiveCfg = Debug|Any CPU
		{90C83F6D-CC79-4B25-8204-09D552ECCC1F}.Debug|iPhone.Build.0 = Debug|Any CPU
		{90C83F6D-CC79-4B25-8204-09D552ECCC1F}.Debug|iPhone.Deploy.0 = Debug|Any CPU
		{90C83F6D-CC79-4B25-8204-09D552ECCC1F}.Debug|iPhoneSimulator.ActiveCfg = Debug|Any CPU
		{90C83F6D-CC79-4B25-8204-09D552ECCC1F}.Debug|iPhoneSimulator.Build.0 = Debug|Any CPU
		{90C83F6D-CC79-4B25-8204-09D552ECCC1F}.Debug|iPhoneSimulator.Deploy.0 = Debug|Any CPU
		{90C83F6D-CC79-4B25-8204-09D552ECCC1F}.Release|Any CPU.ActiveCfg = Release|Any CPU
		{90C83F6D-CC79-4B25-8204-09D552ECCC1F}.Release|Any CPU.Build.0 = Release|Any CPU
		{90C83F6D-CC79-4B25-8204-09D552ECCC1F}.Release|Any CPU.Deploy.0 = Release|Any CPU
		{90C83F6D-CC79-4B25-8204-09D552ECCC1F}.Release|iPhone.ActiveCfg = Release|Any CPU
		{90C83F6D-CC79-4B25-8204-09D552ECCC1F}.Release|iPhone.Build.0 = Release|Any CPU
		{90C83F6D-CC79-4B25-8204-09D552ECCC1F}.Release|iPhone.Deploy.0 = Release|Any CPU
		{90C83F6D-CC79-4B25-8204-09D552ECCC1F}.Release|iPhoneSimulator.ActiveCfg = Release|Any CPU
		{90C83F6D-CC79-4B25-8204-09D552ECCC1F}.Release|iPhoneSimulator.Build.0 = Release|Any CPU
		{90C83F6D-CC79-4B25-8204-09D552ECCC1F}.Release|iPhoneSimulator.Deploy.0 = Release|Any CPU
	EndGlobalSection
	GlobalSection(SolutionProperties) = preSolution
		HideSolutionNode = FALSE
	EndGlobalSection
	GlobalSection(ExtensibilityGlobals) = postSolution
		SolutionGuid = {C9A96143-B7FD-4E2B-AA2D-CBA4952190C6}
	EndGlobalSection
EndGlobal
